{
  "object": {
    "pins": [
      {
        "package": "BlackUtils",
        "repositoryURL": "https://github.com/ivorost/BlackUtils.git",
        "state": {
          "branch": null,
          "revision": "f42ff117838a1b968785d7ff6df4458ead9fa1c9",
          "version": "1.0.3"
        }
      },
      {
        "package": "Starscream",
        "repositoryURL": "https://github.com/ivorost/Starscream.git",
        "state": {
          "branch": null,
          "revision": "df8d82047f6654d8e4b655d1b1525c64e1059d21",
          "version": "4.0.4"
        }
      }
    ]
  },
  "version": 1
}
